<Solution>
  <Folder Name="/src/">
    <Project Path="src/PastryFlow.API/PastryFlow.API.csproj" />
    <Project Path="src/PastryFlow.Application/PastryFlow.Application.csproj" />
    <Project Path="src/PastryFlow.Domain/PastryFlow.Domain.csproj" />
    <Project Path="src/PastryFlow.Infrastructure/PastryFlow.Infrastructure.csproj" />
  </Folder>
</Solution>
